// !$*UTF8*$!
{
	archiveVersion = 1;
	classes = {
	};
	objectVersion = 46;
	objects = {

/* Begin PBXBuildFile section */
		04DEBAFC1DA12C570086876A /* AppDelegate.swift in Sources */ = {isa = PBXBuildFile; fileRef = 04DEBAFB1DA12C570086876A /* AppDelegate.swift */; };
		04DEBAFE1DA12C570086876A /* ViewController.swift in Sources */ = {isa = PBXBuildFile; fileRef = 04DEBAFD1DA12C570086876A /* ViewController.swift */; };
		04DEBB001DA12C570086876A /* Assets.xcassets in Resources */ = {isa = PBXBuildFile; fileRef = 04DEBAFF1DA12C570086876A /* Assets.xcassets */; };
		04DEBB031DA12C570086876A /* Main.storyboard in Resources */ = {isa = PBXBuildFile; fileRef = 04DEBB011DA12C570086876A /* Main.storyboard */; };
		04DEBB0E1DA12C570086876A /* PomodorogTests.swift in Sources */ = {isa = PBXBuildFile; fileRef = 04DEBB0D1DA12C570086876A /* PomodorogTests.swift */; };
		04DEBB191DA12C570086876A /* PomodorogUITests.swift in Sources */ = {isa = PBXBuildFile; fileRef = 04DEBB181DA12C570086876A /* PomodorogUITests.swift */; };
/* End PBXBuildFile section */

/* Begin PBXContainerItemProxy section */
		04DEBB0A1DA12C570086876A /* PBXContainerItemProxy */ = {
			isa = PBXContainerItemProxy;
			containerPortal = 04DEBAF01DA12C570086876A /* Project object */;
			proxyType = 1;
			remoteGlobalIDString = 04DEBAF71DA12C570086876A;
			remoteInfo = Pomodorog;
		};
		04DEBB151DA12C570086876A /* PBXContainerItemProxy */ = {
			isa = PBXContainerItemProxy;
			containerPortal = 04DEBAF01DA12C570086876A /* Project object */;
			proxyType = 1;
			remoteGlobalIDString = 04DEBAF71DA12C570086876A;
			remoteInfo = Pomodorog;
		};
/* End PBXContainerItemProxy section */

/* Begin PBXFileReference section */
		04DEBAF81DA12C570086876A /* Pomodorog.app */ = {isa = PBXFileReference; explicitFileType = wrapper.application; includeInIndex = 0; path = Pomodorog.app; sourceTree = BUILT_PRODUCTS_DIR; };
		04DEBAFB1DA12C570086876A /* AppDelegate.swift */ = {isa = PBXFileReference; lastKnownFileType = sourcecode.swift; path = AppDelegate.swift; sourceTree = "<group>"; };
		04DEBAFD1DA12C570086876A /* ViewController.swift */ = {isa = PBXFileReference; lastKnownFileType = sourcecode.swift; path = ViewController.swift; sourceTree = "<group>"; };
		04DEBAFF1DA12C570086876A /* Assets.xcassets */ = {isa = PBXFileReference; lastKnownFileType = folder.assetcatalog; path = Assets.xcassets; sourceTree = "<group>"; };
		04DEBB021DA12C570086876A /* Base */ = {isa = PBXFileReference; lastKnownFileType = file.storyboard; name = Base; path = Base.lproj/Main.storyboard; sourceTree = "<group>"; };
		04DEBB041DA12C570086876A /* Info.plist */ = {isa = PBXFileReference; lastKnownFileType = text.plist.xml; path = Info.plist; sourceTree = "<group>"; };
		04DEBB091DA12C570086876A /* PomodorogTests.xctest */ = {isa = PBXFileReference; explicitFileType = wrapper.cfbundle; includeInIndex = 0; path = PomodorogTests.xctest; sourceTree = BUILT_PRODUCTS_DIR; };
		04DEBB0D1DA12C570086876A /* PomodorogTests.swift */ = {isa = PBXFileReference; lastKnownFileType = sourcecode.swift; path = PomodorogTests.swift; sourceTree = "<group>"; };
		04DEBB0F1DA12C570086876A /* Info.plist */ = {isa = PBXFileReference; lastKnownFileType = text.plist.xml; path = Info.plist; sourceTree = "<group>"; };
		04DEBB141DA12C570086876A /* PomodorogUITests.xctest */ = {isa = PBXFileReference; explicitFileType = wrapper.cfbundle; includeInIndex = 0; path = PomodorogUITests.xctest; sourceTree = BUILT_PRODUCTS_DIR; };
		04DEBB181DA12C570086876A /* PomodorogUITests.swift */ = {isa = PBXFileReference; lastKnownFileType = sourcecode.swift; path = PomodorogUITests.swift; sourceTree = "<group>"; };
		04DEBB1A1DA12C570086876A /* Info.plist */ = {isa = PBXFileReference; lastKnownFileType = text.plist.xml; path = Info.plist; sourceTree = "<group>"; };
/* End PBXFileReference section */

/* Begin PBXFrameworksBuildPhase section */
		04DEBAF51DA12C570086876A /* Frameworks */ = {
			isa = PBXFrameworksBuildPhase;
			buildActionMask = 2147483647;
			files = (
			);
			runOnlyForDeploymentPostprocessing = 0;
		};
		04DEBB061DA12C570086876A /* Frameworks */ = {
			isa = PBXFrameworksBuildPhase;
			buildActionMask = 2147483647;
			files = (
			);
			runOnlyForDeploymentPostprocessing = 0;
		};
		04DEBB111DA12C570086876A /* Frameworks */ = {
			isa = PBXFrameworksBuildPhase;
			buildActionMask = 2147483647;
			files = (
			);
			runOnlyForDeploymentPostprocessing = 0;
		};
/* End PBXFrameworksBuildPhase section */

/* Begin PBXGroup section */
		04DEBAEF1DA12C570086876A = {
			isa = PBXGroup;
			children = (
				04DEBAFA1DA12C570086876A /* Pomodorog */,
				04DEBB0C1DA12C570086876A /* PomodorogTests */,
				04DEBB171DA12C570086876A /* PomodorogUITests */,
				04DEBAF91DA12C570086876A /* Products */,
			);
			sourceTree = "<group>";
		};
		04DEBAF91DA12C570086876A /* Products */ = {
			isa = PBXGroup;
			children = (
				04DEBAF81DA12C570086876A /* Pomodorog.app */,
				04DEBB091DA12C570086876A /* PomodorogTests.xctest */,
				04DEBB141DA12C570086876A /* PomodorogUITests.xctest */,
			);
			name = Products;
			sourceTree = "<group>";
		};
		04DEBAFA1DA12C570086876A /* Pomodorog */ = {
			isa = PBXGroup;
			children = (
				04DEBAFB1DA12C570086876A /* AppDelegate.swift */,
				04DEBAFD1DA12C570086876A /* ViewController.swift */,
				04DEBAFF1DA12C570086876A /* Assets.xcassets */,
				04DEBB011DA12C570086876A /* Main.storyboard */,
				04DEBB041DA12C570086876A /* Info.plist */,
			);
			path = Pomodorog;
			sourceTree = "<group>";
		};
		04DEBB0C1DA12C570086876A /* PomodorogTests */ = {
			isa = PBXGroup;
			children = (
				04DEBB0D1DA12C570086876A /* PomodorogTests.swift */,
				04DEBB0F1DA12C570086876A /* Info.plist */,
			);
			path = PomodorogTests;
			sourceTree = "<group>";
		};
		04DEBB171DA12C570086876A /* PomodorogUITests */ = {
			isa = PBXGroup;
			children = (
				04DEBB181DA12C570086876A /* PomodorogUITests.swift */,
				04DEBB1A1DA12C570086876A /* Info.plist */,
			);
			path = PomodorogUITests;
			sourceTree = "<group>";
		};
/* End PBXGroup section */

/* Begin PBXNativeTarget section */
		04DEBAF71DA12C570086876A /* Pomodorog */ = {
			isa = PBXNativeTarget;
			buildConfigurationList = 04DEBB1D1DA12C570086876A /* Build configuration list for PBXNativeTarget "Pomodorog" */;
			buildPhases = (
				04DEBAF41DA12C570086876A /* Sources */,
				04DEBAF51DA12C570086876A /* Frameworks */,
				04DEBAF61DA12C570086876A /* Resources */,
			);
			buildRules = (
			);
			dependencies = (
			);
			name = Pomodorog;
			productName = Pomodorog;
			productReference = 04DEBAF81DA12C570086876A /* Pomodorog.app */;
			productType = "com.apple.product-type.application";
		};
		04DEBB081DA12C570086876A /* PomodorogTests */ = {
			isa = PBXNativeTarget;
			buildConfigurationList = 04DEBB201DA12C570086876A /* Build configuration list for PBXNativeTarget "PomodorogTests" */;
			buildPhases = (
				04DEBB051DA12C570086876A /* Sources */,
				04DEBB061DA12C570086876A /* Frameworks */,
				04DEBB071DA12C570086876A /* Resources */,
			);
			buildRules = (
			);
			dependencies = (
				04DEBB0B1DA12C570086876A /* PBXTargetDependency */,
			);
			name = PomodorogTests;
			productName = PomodorogTests;
			productReference = 04DEBB091DA12C570086876A /* PomodorogTests.xctest */;
			productType = "com.apple.product-type.bundle.unit-test";
		};
		04DEBB131DA12C570086876A /* PomodorogUITests */ = {
			isa = PBXNativeTarget;
			buildConfigurationList = 04DEBB231DA12C570086876A /* Build configuration list for PBXNativeTarget "PomodorogUITests" */;
			buildPhases = (
				04DEBB101DA12C570086876A /* Sources */,
				04DEBB111DA12C570086876A /* Frameworks */,
				04DEBB121DA12C570086876A /* Resources */,
			);
			buildRules = (
			);
			dependencies = (
				04DEBB161DA12C570086876A /* PBXTargetDependency */,
			);
			name = PomodorogUITests;
			productName = PomodorogUITests;
			productReference = 04DEBB141DA12C570086876A /* PomodorogUITests.xctest */;
			productType = "com.apple.product-type.bundle.ui-testing";
		};
/* End PBXNativeTarget section */

/* Begin PBXProject section */
		04DEBAF01DA12C570086876A /* Project object */ = {
			isa = PBXProject;
			attributes = {
				LastSwiftUpdateCheck = 0800;
				LastUpgradeCheck = 0810;
				ORGANIZATIONNAME = mfks17.org;
				TargetAttributes = {
					04DEBAF71DA12C570086876A = {
						CreatedOnToolsVersion = 8.0;
						DevelopmentTeam = 5G384V283S;
						ProvisioningStyle = Automatic;
					};
					04DEBB081DA12C570086876A = {
						CreatedOnToolsVersion = 8.0;
						DevelopmentTeam = 5G384V283S;
						ProvisioningStyle = Automatic;
						TestTargetID = 04DEBAF71DA12C570086876A;
					};
					04DEBB131DA12C570086876A = {
						CreatedOnToolsVersion = 8.0;
						DevelopmentTeam = 5G384V283S;
						ProvisioningStyle = Automatic;
						TestTargetID = 04DEBAF71DA12C570086876A;
					};
				};
			};
			buildConfigurationList = 04DEBAF31DA12C570086876A /* Build configuration list for PBXProject "Pomodorog" */;
			compatibilityVersion = "Xcode 3.2";
			developmentRegion = English;
			hasScannedForEncodings = 0;
			knownRegions = (
				en,
				Base,
			);
			mainGroup = 04DEBAEF1DA12C570086876A;
			productRefGroup = 04DEBAF91DA12C570086876A /* Products */;
			projectDirPath = "";
			projectRoot = "";
			targets = (
				04DEBAF71DA12C570086876A /* Pomodorog */,
				04DEBB081DA12C570086876A /* PomodorogTests */,
				04DEBB131DA12C570086876A /* PomodorogUITests */,
			);
		};
/* End PBXProject section */

/* Begin PBXResourcesBuildPhase section */
		04DEBAF61DA12C570086876A /* Resources */ = {
			isa = PBXResourcesBuildPhase;
			buildActionMask = 2147483647;
			files = (
				04DEBB001DA12C570086876A /* Assets.xcassets in Resources */,
				04DEBB031DA12C570086876A /* Main.storyboard in Resources */,
			);
			runOnlyForDeploymentPostprocessing = 0;
		};
		04DEBB071DA12C570086876A /* Resources */ = {
			isa = PBXResourcesBuildPhase;
			buildActionMask = 2147483647;
			files = (
			);
			runOnlyForDeploymentPostprocessing = 0;
		};
		04DEBB121DA12C570086876A /* Resources */ = {
			isa = PBXResourcesBuildPhase;
			buildActionMask = 2147483647;
			files = (
			);
			runOnlyForDeploymentPostprocessing = 0;
		};
/* End PBXResourcesBuildPhase section */

/* Begin PBXSourcesBuildPhase section */
		04DEBAF41DA12C570086876A /* Sources */ = {
			isa = PBXSourcesBuildPhase;
			buildActionMask = 2147483647;
			files = (
				04DEBAFE1DA12C570086876A /* ViewController.swift in Sources */,
				04DEBAFC1DA12C570086876A /* AppDelegate.swift in Sources */,
			);
			runOnlyForDeploymentPostprocessing = 0;
		};
		04DEBB051DA12C570086876A /* Sources */ = {
			isa = PBXSourcesBuildPhase;
			buildActionMask = 2147483647;
			files = (
				04DEBB0E1DA12C570086876A /* PomodorogTests.swift in Sources */,
			);
			runOnlyForDeploymentPostprocessing = 0;
		};
		04DEBB101DA12C570086876A /* Sources */ = {
			isa = PBXSourcesBuildPhase;
			buildActionMask = 2147483647;
			files = (
				04DEBB191DA12C570086876A /* PomodorogUITests.swift in Sources */,
			);
			runOnlyForDeploymentPostprocessing = 0;
		};
/* End PBXSourcesBuildPhase section */

/* Begin PBXTargetDependency section */
		04DEBB0B1DA12C570086876A /* PBXTargetDependency */ = {
			isa = PBXTargetDependency;
			target = 04DEBAF71DA12C570086876A /* Pomodorog */;
			targetProxy = 04DEBB0A1DA12C570086876A /* PBXContainerItemProxy */;
		};
		04DEBB161DA12C570086876A /* PBXTargetDependency */ = {
			isa = PBXTargetDependency;
			target = 04DEBAF71DA12C570086876A /* Pomodorog */;
			targetProxy = 04DEBB151DA12C570086876A /* PBXContainerItemProxy */;
		};
/* End PBXTargetDependency section */

/* Begin PBXVariantGroup section */
		04DEBB011DA12C570086876A /* Main.storyboard */ = {
			isa = PBXVariantGroup;
			children = (
				04DEBB021DA12C570086876A /* Base */,
			);
			name = Main.storyboard;
			sourceTree = "<group>";
		};
/* End PBXVariantGroup section */

/* Begin XCBuildConfiguration section */
		04DEBB1B1DA12C570086876A /* Debug */ = {
			isa = XCBuildConfiguration;
			buildSettings = {
				ALWAYS_SEARCH_USER_PATHS = NO;
				CLANG_ANALYZER_NONNULL = YES;
				CLANG_CXX_LANGUAGE_STANDARD = "gnu++0x";
				CLANG_CXX_LIBRARY = "libc++";
				CLANG_ENABLE_MODULES = YES;
				CLANG_ENABLE_OBJC_ARC = YES;
				CLANG_WARN_BOOL_CONVERSION = YES;
				CLANG_WARN_CONSTANT_CONVERSION = YES;
				CLANG_WARN_DIRECT_OBJC_ISA_USAGE = YES_ERROR;
				CLANG_WARN_DOCUMENTATION_COMMENTS = YES;
				CLANG_WARN_EMPTY_BODY = YES;
				CLANG_WARN_ENUM_CONVERSION = YES;
				CLANG_WARN_INFINITE_RECURSION = YES;
				CLANG_WARN_INT_CONVERSION = YES;
				CLANG_WARN_OBJC_ROOT_CLASS = YES_ERROR;
				CLANG_WARN_SUSPICIOUS_MOVE = YES;
				CLANG_WARN_SUSPICIOUS_MOVES = YES;
				CLANG_WARN_UNREACHABLE_CODE = YES;
				CLANG_WARN__DUPLICATE_METHOD_MATCH = YES;
				CODE_SIGN_IDENTITY = "-";
				COPY_PHASE_STRIP = NO;
				DEBUG_INFORMATION_FORMAT = dwarf;
				ENABLE_STRICT_OBJC_MSGSEND = YES;
				ENABLE_TESTABILITY = YES;
				GCC_C_LANGUAGE_STANDARD = gnu99;
				GCC_DYNAMIC_NO_PIC = NO;
				GCC_NO_COMMON_BLOCKS = YES;
				GCC_OPTIMIZATION_LEVEL = 0;
				GCC_PREPROCESSOR_DEFINITIONS = (
					"DEBUG=1",
					"$(inherited)",
				);
				GCC_WARN_64_TO_32_BIT_CONVERSION = YES;
				GCC_WARN_ABOUT_RETURN_TYPE = YES_ERROR;
				GCC_WARN_UNDECLARED_SELECTOR = YES;
				GCC_WARN_UNINITIALIZED_AUTOS = YES_AGGRESSIVE;
				GCC_WARN_UNUSED_FUNCTION = YES;
				GCC_WARN_UNUSED_VARIABLE = YES;
				MACOSX_DEPLOYMENT_TARGET = 10.11;
				MTL_ENABLE_DEBUG_INFO = YES;
				ONLY_ACTIVE_ARCH = YES;
				SDKROOT = macosx;
				SWIFT_ACTIVE_COMPILATION_CONDITIONS = DEBUG;
				SWIFT_OPTIMIZATION_LEVEL = "-Onone";
			};
			name = Debug;
		};
		04DEBB1C1DA12C570086876A /* Release */ = {
			isa = XCBuildConfiguration;
			buildSettings = {
				ALWAYS_SEARCH_USER_PATHS = NO;
				CLANG_ANALYZER_NONNULL = YES;
				CLANG_CXX_LANGUAGE_STANDARD = "gnu++0x";
				CLANG_CXX_LIBRARY = "libc++";
				CLANG_ENABLE_MODULES = YES;
				CLANG_ENABLE_OBJC_ARC = YES;
				CLANG_WARN_BOOL_CONVERSION = YES;
				CLANG_WARN_CONSTANT_CONVERSION = YES;
				CLANG_WARN_DIRECT_OBJC_ISA_USAGE = YES_ERROR;
				CLANG_WARN_DOCUMENTATION_COMMENTS = YES;
				CLANG_WARN_EMPTY_BODY = YES;
				CLANG_WARN_ENUM_CONVERSION = YES;
				CLANG_WARN_INFINITE_RECURSION = YES;
				CLANG_WARN_INT_CONVERSION = YES;
				CLANG_WARN_OBJC_ROOT_CLASS = YES_ERROR;
				CLANG_WARN_SUSPICIOUS_MOVE = YES;
				CLANG_WARN_SUSPICIOUS_MOVES = YES;
				CLANG_WARN_UNREACHABLE_CODE = YES;
				CLANG_WARN__DUPLICATE_METHOD_MATCH = YES;
				CODE_SIGN_IDENTITY = "-";
				COPY_PHASE_STRIP = NO;
				DEBUG_INFORMATION_FORMAT = "dwarf-with-dsym";
				ENABLE_NS_ASSERTIONS = NO;
				ENABLE_STRICT_OBJC_MSGSEND = YES;
				GCC_C_LANGUAGE_STANDARD = gnu99;
				GCC_NO_COMMON_BLOCKS = YES;
				GCC_WARN_64_TO_32_BIT_CONVERSION = YES;
				GCC_WARN_ABOUT_RETURN_TYPE = YES_ERROR;
				GCC_WARN_UNDECLARED_SELECTOR = YES;
				GCC_WARN_UNINITIALIZED_AUTOS = YES_AGGRESSIVE;
				GCC_WARN_UNUSED_FUNCTION = YES;
				GCC_WARN_UNUSED_VARIABLE = YES;
				MACOSX_DEPLOYMENT_TARGET = 10.11;
				MTL_ENABLE_DEBUG_INFO = NO;
				SDKROOT = macosx;
				SWIFT_OPTIMIZATION_LEVEL = "-Owholemodule";
			};
			name = Release;
		};
		04DEBB1E1DA12C570086876A /* Debug */ = {
			isa = XCBuildConfiguration;
			buildSettings = {
				ASSETCATALOG_COMPILER_APPICON_NAME = AppIcon;
				CODE_SIGN_IDENTITY = "Mac Developer";
				COMBINE_HIDPI_IMAGES = YES;
				DEVELOPMENT_TEAM = 5G384V283S;
				INFOPLIST_FILE = Pomodorog/Info.plist;
				LD_RUNPATH_SEARCH_PATHS = "$(inherited) @executable_path/../Frameworks";
				MACOSX_DEPLOYMENT_TARGET = 10.11;
				PRODUCT_BUNDLE_IDENTIFIER = org.mfks17.iOS.Pomodorog;
				PRODUCT_NAME = "$(TARGET_NAME)";
				SWIFT_VERSION = 3.0;
			};
			name = Debug;
		};
		04DEBB1F1DA12C570086876A /* Release */ = {
			isa = XCBuildConfiguration;
			buildSettings = {
				ASSETCATALOG_COMPILER_APPICON_NAME = AppIcon;
				CODE_SIGN_IDENTITY = "Mac Developer";
				COMBINE_HIDPI_IMAGES = YES;
				DEVELOPMENT_TEAM = 5G384V283S;
				INFOPLIST_FILE = Pomodorog/Info.plist;
				LD_RUNPATH_SEARCH_PATHS = "$(inherited) @executable_path/../Frameworks";
				MACOSX_DEPLOYMENT_TARGET = 10.11;
				PRODUCT_BUNDLE_IDENTIFIER = org.mfks17.iOS.Pomodorog;
				PRODUCT_NAME = "$(TARGET_NAME)";
				SWIFT_VERSION = 3.0;
			};
			name = Release;
		};
		04DEBB211DA12C570086876A /* Debug */ = {
			isa = XCBuildConfiguration;
			buildSettings = {
				ALWAYS_EMBED_SWIFT_STANDARD_LIBRARIES = YES;
				BUNDLE_LOADER = "$(TEST_HOST)";
				COMBINE_HIDPI_IMAGES = YES;
				DEVELOPMENT_TEAM = 5G384V283S;
				INFOPLIST_FILE = PomodorogTests/Info.plist;
				LD_RUNPATH_SEARCH_PATHS = "$(inherited) @executable_path/../Frameworks @loader_path/../Frameworks";
				PRODUCT_BUNDLE_IDENTIFIER = org.mfks17.iOS.PomodorogTests;
				PRODUCT_NAME = "$(TARGET_NAME)";
				SWIFT_VERSION = 3.0;
				TEST_HOST = "$(BUILT_PRODUCTS_DIR)/Pomodorog.app/Contents/MacOS/Pomodorog";
			};
			name = Debug;
		};
		04DEBB221DA12C570086876A /* Release */ = {
			isa = XCBuildConfiguration;
			buildSettings = {
				ALWAYS_EMBED_SWIFT_STANDARD_LIBRARIES = YES;
				BUNDLE_LOADER = "$(TEST_HOST)";
				COMBINE_HIDPI_IMAGES = YES;
				DEVELOPMENT_TEAM = 5G384V283S;
				INFOPLIST_FILE = PomodorogTests/Info.plist;
				LD_RUNPATH_SEARCH_PATHS = "$(inherited) @executable_path/../Frameworks @loader_path/../Frameworks";
				PRODUCT_BUNDLE_IDENTIFIER = org.mfks17.iOS.PomodorogTests;
				PRODUCT_NAME = "$(TARGET_NAME)";
				SWIFT_VERSION = 3.0;
				TEST_HOST = "$(BUILT_PRODUCTS_DIR)/Pomodorog.app/Contents/MacOS/Pomodorog";
			};
			name = Release;
		};
		04DEBB241DA12C570086876A /* Debug */ = {
			isa = XCBuildConfiguration;
			buildSettings = {
				ALWAYS_EMBED_SWIFT_STANDARD_LIBRARIES = YES;
				COMBINE_HIDPI_IMAGES = YES;
				DEVELOPMENT_TEAM = 5G384V283S;
				INFOPLIST_FILE = PomodorogUITests/Info.plist;
				LD_RUNPATH_SEARCH_PATHS = "$(inherited) @executable_path/../Frameworks @loader_path/../Frameworks";
				PRODUCT_BUNDLE_IDENTIFIER = org.mfks17.iOS.PomodorogUITests;
				PRODUCT_NAME = "$(TARGET_NAME)";
				SWIFT_VERSION = 3.0;
				TEST_TARGET_NAME = Pomodorog;
			};
			name = Debug;
		};
		04DEBB251DA12C570086876A /* Release */ = {
			isa = XCBuildConfiguration;
			buildSettings = {
				ALWAYS_EMBED_SWIFT_STANDARD_LIBRARIES = YES;
				COMBINE_HIDPI_IMAGES = YES;
				DEVELOPMENT_TEAM = 5G384V283S;
				INFOPLIST_FILE = PomodorogUITests/Info.plist;
				LD_RUNPATH_SEARCH_PATHS = "$(inherited) @executable_path/../Frameworks @loader_path/../Frameworks";
				PRODUCT_BUNDLE_IDENTIFIER = org.mfks17.iOS.PomodorogUITests;
				PRODUCT_NAME = "$(TARGET_NAME)";
				SWIFT_VERSION = 3.0;
				TEST_TARGET_NAME = Pomodorog;
			};
			name = Release;
		};
/* End XCBuildConfiguration section */

/* Begin XCConfigurationList section */
		04DEBAF31DA12C570086876A /* Build configuration list for PBXProject "Pomodorog" */ = {
			isa = XCConfigurationList;
			buildConfigurations = (
				04DEBB1B1DA12C570086876A /* Debug */,
				04DEBB1C1DA12C570086876A /* Release */,
			);
			defaultConfigurationIsVisible = 0;
			defaultConfigurationName = Release;
		};
		04DEBB1D1DA12C570086876A /* Build configuration list for PBXNativeTarget "Pomodorog" */ = {
			isa = XCConfigurationList;
			buildConfigurations = (
				04DEBB1E1DA12C570086876A /* Debug */,
				04DEBB1F1DA12C570086876A /* Release */,
			);
			defaultConfigurationIsVisible = 0;
			defaultConfigurationName = Release;
		};
		04DEBB201DA12C570086876A /* Build configuration list for PBXNativeTarget "PomodorogTests" */ = {
			isa = XCConfigurationList;
			buildConfigurations = (
				04DEBB211DA12C570086876A /* Debug */,
				04DEBB221DA12C570086876A /* Release */,
			);
			defaultConfigurationIsVisible = 0;
			defaultConfigurationName = Release;
		};
		04DEBB231DA12C570086876A /* Build configuration list for PBXNativeTarget "PomodorogUITests" */ = {
			isa = XCConfigurationList;
			buildConfigurations = (
				04DEBB241DA12C570086876A /* Debug */,
				04DEBB251DA12C570086876A /* Release */,
			);
			defaultConfigurationIsVisible = 0;
			defaultConfigurationName = Release;
		};
/* End XCConfigurationList section */
	};
	rootObject = 04DEBAF01DA12C570086876A /* Project object */;
}
